
Microsoft Visual Studio Solution File, Format Version 12.00
# Visual Studio Version 16
VisualStudioVersion = 16.0.30804.86
MinimumVisualStudioVersion = 10.0.40219.1
Project("{9A19103F-16F7-4668-BE54-9A1E7A4F7556}") = "Consola", "Consola.csproj", "{35F4AB93-E9C9-4884-A6D2-73787CA513B6}"
EndProject
Project("{9A19103F-16F7-4668-BE54-9A1E7A4F7556}") = "Modelos", "..\Modelos\Modelos.csproj", "{D1C03D1D-157D-4956-848A-E7F1FEC7E2BF}"
EndProject
Project("{9A19103F-16F7-4668-BE54-9A1E7A4F7556}") = "CargaDatos", "..\Escenarios\CargaDatos.csproj", "{8481C52D-76C6-4091-9BCE-686887DAE777}"
EndProject
Project("{9A19103F-16F7-4668-BE54-9A1E7A4F7556}") = "ModeloDB", "..\Persistencia\ModeloDB.csproj", "{754A34D1-0EE9-4597-919D-3AA67330B829}"
EndProject
Project("{9A19103F-16F7-4668-BE54-9A1E7A4F7556}") = "Controladores", "..\Controladores\Controladores.csproj", "{A06D947B-F794-43AE-9F8B-BBB86358DD0B}"
EndProject
Project("{9A19103F-16F7-4668-BE54-9A1E7A4F7556}") = "Info", "..\Info\Info.csproj", "{928A3B96-71FF-408B-9210-CB90B72BEBA7}"
EndProject
Project("{9A19103F-16F7-4668-BE54-9A1E7A4F7556}") = "PruebasQuote", "..\PruebasQuote\PruebasQuote.csproj", "{D924000F-D580-421B-9ADF-BBDA2B13D91C}"
EndProject
Project("{9A19103F-16F7-4668-BE54-9A1E7A4F7556}") = "QuoteWeb", "..\QuoteWeb\QuoteWeb.csproj", "{1708C1BD-DD85-4F94-951D-5FFC676B876B}"
EndProject
Global
	GlobalSection(SolutionConfigurationPlatforms) = preSolution
		Debug|Any CPU = Debug|Any CPU
		Release|Any CPU = Release|Any CPU
	EndGlobalSection
	GlobalSection(ProjectConfigurationPlatforms) = postSolution
		{35F4AB93-E9C9-4884-A6D2-73787CA513B6}.Debug|Any CPU.ActiveCfg = Debug|Any CPU
		{35F4AB93-E9C9-4884-A6D2-73787CA513B6}.Debug|Any CPU.Build.0 = Debug|Any CPU
		{35F4AB93-E9C9-4884-A6D2-73787CA513B6}.Release|Any CPU.ActiveCfg = Release|Any CPU
		{35F4AB93-E9C9-4884-A6D2-73787CA513B6}.Release|Any CPU.Build.0 = Release|Any CPU
		{D1C03D1D-157D-4956-848A-E7F1FEC7E2BF}.Debug|Any CPU.ActiveCfg = Debug|Any CPU
		{D1C03D1D-157D-4956-848A-E7F1FEC7E2BF}.Debug|Any CPU.Build.0 = Debug|Any CPU
		{D1C03D1D-157D-4956-848A-E7F1FEC7E2BF}.Release|Any CPU.ActiveCfg = Release|Any CPU
		{D1C03D1D-157D-4956-848A-E7F1FEC7E2BF}.Release|Any CPU.Build.0 = Release|Any CPU
		{8481C52D-76C6-4091-9BCE-686887DAE777}.Debug|Any CPU.ActiveCfg = Debug|Any CPU
		{8481C52D-76C6-4091-9BCE-686887DAE777}.Debug|Any CPU.Build.0 = Debug|Any CPU
		{8481C52D-76C6-4091-9BCE-686887DAE777}.Release|Any CPU.ActiveCfg = Release|Any CPU
		{8481C52D-76C6-4091-9BCE-686887DAE777}.Release|Any CPU.Build.0 = Release|Any CPU
		{754A34D1-0EE9-4597-919D-3AA67330B829}.Debug|Any CPU.ActiveCfg = Debug|Any CPU
		{754A34D1-0EE9-4597-919D-3AA67330B829}.Debug|Any CPU.Build.0 = Debug|Any CPU
		{754A34D1-0EE9-4597-919D-3AA67330B829}.Release|Any CPU.ActiveCfg = Release|Any CPU
		{754A34D1-0EE9-4597-919D-3AA67330B829}.Release|Any CPU.Build.0 = Release|Any CPU
		{A06D947B-F794-43AE-9F8B-BBB86358DD0B}.Debug|Any CPU.ActiveCfg = Debug|Any CPU
		{A06D947B-F794-43AE-9F8B-BBB86358DD0B}.Debug|Any CPU.Build.0 = Debug|Any CPU
		{A06D947B-F794-43AE-9F8B-BBB86358DD0B}.Release|Any CPU.ActiveCfg = Release|Any CPU
		{A06D947B-F794-43AE-9F8B-BBB86358DD0B}.Release|Any CPU.Build.0 = Release|Any CPU
		{928A3B96-71FF-408B-9210-CB90B72BEBA7}.Debug|Any CPU.ActiveCfg = Debug|Any CPU
		{928A3B96-71FF-408B-9210-CB90B72BEBA7}.Debug|Any CPU.Build.0 = Debug|Any CPU
		{928A3B96-71FF-408B-9210-CB90B72BEBA7}.Release|Any CPU.ActiveCfg = Release|Any CPU
		{928A3B96-71FF-408B-9210-CB90B72BEBA7}.Release|Any CPU.Build.0 = Release|Any CPU
		{D924000F-D580-421B-9ADF-BBDA2B13D91C}.Debug|Any CPU.ActiveCfg = Debug|Any CPU
		{D924000F-D580-421B-9ADF-BBDA2B13D91C}.Debug|Any CPU.Build.0 = Debug|Any CPU
		{D924000F-D580-421B-9ADF-BBDA2B13D91C}.Release|Any CPU.ActiveCfg = Release|Any CPU
		{D924000F-D580-421B-9ADF-BBDA2B13D91C}.Release|Any CPU.Build.0 = Release|Any CPU
		{1708C1BD-DD85-4F94-951D-5FFC676B876B}.Debug|Any CPU.ActiveCfg = Debug|Any CPU
		{1708C1BD-DD85-4F94-951D-5FFC676B876B}.Debug|Any CPU.Build.0 = Debug|Any CPU
		{1708C1BD-DD85-4F94-951D-5FFC676B876B}.Release|Any CPU.ActiveCfg = Release|Any CPU
		{1708C1BD-DD85-4F94-951D-5FFC676B876B}.Release|Any CPU.Build.0 = Release|Any CPU
	EndGlobalSection
	GlobalSection(SolutionProperties) = preSolution
		HideSolutionNode = FALSE
	EndGlobalSection
	GlobalSection(ExtensibilityGlobals) = postSolution
		SolutionGuid = {B5F4E1B1-D72D-4044-BD33-BE5DC4D9F340}
	EndGlobalSection
EndGlobal
